
Microsoft Visual Studio Solution File, Format Version 12.00
# Visual Studio 15
VisualStudioVersion = 15.0.34320.172
MinimumVisualStudioVersion = 10.0.40219.1
Project("{FAE04EC0-301F-11D3-BF4B-00C04F79EFBC}") = "arendev.net", "arendev.net\arendev.net.csproj", "{6CA91278-C6AA-4A25-A8E1-33EA62550F30}"
EndProject
Global
	GlobalSection(SolutionConfigurationPlatforms) = preSolution
		Debug|Any CPU = Debug|Any CPU
		Release|Any CPU = Release|Any CPU
	EndGlobalSection
	GlobalSection(ProjectConfigurationPlatforms) = postSolution
		{6CA91278-C6AA-4A25-A8E1-33EA62550F30}.Debug|Any CPU.ActiveCfg = Debug|Any CPU
		{6CA91278-C6AA-4A25-A8E1-33EA62550F30}.Debug|Any CPU.Build.0 = Debug|Any CPU
		{6CA91278-C6AA-4A25-A8E1-33EA62550F30}.Release|Any CPU.ActiveCfg = Release|Any CPU
		{6CA91278-C6AA-4A25-A8E1-33EA62550F30}.Release|Any CPU.Build.0 = Release|Any CPU
	EndGlobalSection
	GlobalSection(SolutionProperties) = preSolution
		HideSolutionNode = FALSE
	EndGlobalSection
	GlobalSection(ExtensibilityGlobals) = postSolution
		SolutionGuid = {80778CA9-F923-4D49-8C94-19588A111D98}
	EndGlobalSection
EndGlobal
